
Microsoft Visual Studio Solution File, Format Version 12.00
# Visual Studio Version 16
VisualStudioVersion = 16.0.30907.101
MinimumVisualStudioVersion = 10.0.40219.1
Project("{9A19103F-16F7-4668-BE54-9A1E7A4F7556}") = "TravelCalculator", "TravelCalculator\TravelCalculator.csproj", "{01D9EA41-39A0-4C11-92A9-130D98B8378E}"
EndProject
Project("{9A19103F-16F7-4668-BE54-9A1E7A4F7556}") = "TravelCalculator.Domain", "TravelCalculator.Domain\TravelCalculator.Domain.csproj", "{39EDFC23-B000-4608-87CA-84427D8F86F6}"
EndProject
Project("{9A19103F-16F7-4668-BE54-9A1E7A4F7556}") = "TravelCalculator.Persistence", "TravelCalculator.Persistence\TravelCalculator.Persistence.csproj", "{DE1117ED-8247-4D94-B3C3-0A5D5DDE6BB2}"
EndProject
Project("{FAE04EC0-301F-11D3-BF4B-00C04F79EFBC}") = "TravelCalculator.Core", "TravelCalculator.Core\TravelCalculator.Core.csproj", "{6FC77EB5-BB87-4005-89C2-F7938EACDE03}"
EndProject
Project("{FAE04EC0-301F-11D3-BF4B-00C04F79EFBC}") = "TravelCalculator.Service", "TravelCalculator.Service\TravelCalculator.Service.csproj", "{F328F572-8E6C-4005-89F8-1DCF861CE9E1}"
EndProject
Global
	GlobalSection(SolutionConfigurationPlatforms) = preSolution
		Debug|Any CPU = Debug|Any CPU
		Release|Any CPU = Release|Any CPU
	EndGlobalSection
	GlobalSection(ProjectConfigurationPlatforms) = postSolution
		{01D9EA41-39A0-4C11-92A9-130D98B8378E}.Debug|Any CPU.ActiveCfg = Debug|Any CPU
		{01D9EA41-39A0-4C11-92A9-130D98B8378E}.Debug|Any CPU.Build.0 = Debug|Any CPU
		{01D9EA41-39A0-4C11-92A9-130D98B8378E}.Release|Any CPU.ActiveCfg = Release|Any CPU
		{01D9EA41-39A0-4C11-92A9-130D98B8378E}.Release|Any CPU.Build.0 = Release|Any CPU
		{39EDFC23-B000-4608-87CA-84427D8F86F6}.Debug|Any CPU.ActiveCfg = Debug|Any CPU
		{39EDFC23-B000-4608-87CA-84427D8F86F6}.Debug|Any CPU.Build.0 = Debug|Any CPU
		{39EDFC23-B000-4608-87CA-84427D8F86F6}.Release|Any CPU.ActiveCfg = Release|Any CPU
		{39EDFC23-B000-4608-87CA-84427D8F86F6}.Release|Any CPU.Build.0 = Release|Any CPU
		{DE1117ED-8247-4D94-B3C3-0A5D5DDE6BB2}.Debug|Any CPU.ActiveCfg = Debug|Any CPU
		{DE1117ED-8247-4D94-B3C3-0A5D5DDE6BB2}.Debug|Any CPU.Build.0 = Debug|Any CPU
		{DE1117ED-8247-4D94-B3C3-0A5D5DDE6BB2}.Release|Any CPU.ActiveCfg = Release|Any CPU
		{DE1117ED-8247-4D94-B3C3-0A5D5DDE6BB2}.Release|Any CPU.Build.0 = Release|Any CPU
		{6FC77EB5-BB87-4005-89C2-F7938EACDE03}.Debug|Any CPU.ActiveCfg = Debug|Any CPU
		{6FC77EB5-BB87-4005-89C2-F7938EACDE03}.Debug|Any CPU.Build.0 = Debug|Any CPU
		{6FC77EB5-BB87-4005-89C2-F7938EACDE03}.Release|Any CPU.ActiveCfg = Release|Any CPU
		{6FC77EB5-BB87-4005-89C2-F7938EACDE03}.Release|Any CPU.Build.0 = Release|Any CPU
		{F328F572-8E6C-4005-89F8-1DCF861CE9E1}.Debug|Any CPU.ActiveCfg = Debug|Any CPU
		{F328F572-8E6C-4005-89F8-1DCF861CE9E1}.Debug|Any CPU.Build.0 = Debug|Any CPU
		{F328F572-8E6C-4005-89F8-1DCF861CE9E1}.Release|Any CPU.ActiveCfg = Release|Any CPU
		{F328F572-8E6C-4005-89F8-1DCF861CE9E1}.Release|Any CPU.Build.0 = Release|Any CPU
	EndGlobalSection
	GlobalSection(SolutionProperties) = preSolution
		HideSolutionNode = FALSE
	EndGlobalSection
	GlobalSection(ExtensibilityGlobals) = postSolution
		SolutionGuid = {5AE6778A-70D3-4BEA-A2E5-F16B33A8486C}
	EndGlobalSection
EndGlobal
